// !$*UTF8*$!
{
	archiveVersion = 1;
	classes = {
	};
	objectVersion = 46;
	objects = {

/* Begin PBXBuildFile section */
		5E56F1F91D06A2B200CAED06 /* RoundButton.swift in Sources */ = {isa = PBXBuildFile; fileRef = 5E56F1F81D06A2B200CAED06 /* RoundButton.swift */; };
		5E56F2D51D0770B400CAED06 /* Swiper.framework in Frameworks */ = {isa = PBXBuildFile; fileRef = 5E56F2D21D0770AB00CAED06 /* Swiper.framework */; };
		5E56F2D61D0770B400CAED06 /* Swiper.framework in Embed Frameworks */ = {isa = PBXBuildFile; fileRef = 5E56F2D21D0770AB00CAED06 /* Swiper.framework */; settings = {ATTRIBUTES = (CodeSignOnCopy, RemoveHeadersOnCopy, ); }; };
		5EFA00581D060E8F003B4520 /* PeekViewController.swift in Sources */ = {isa = PBXBuildFile; fileRef = 5EFA00571D060E8F003B4520 /* PeekViewController.swift */; };
		5EFAFF0D1D0602DA003B4520 /* AppDelegate.swift in Sources */ = {isa = PBXBuildFile; fileRef = 5EFAFF0C1D0602DA003B4520 /* AppDelegate.swift */; };
		5EFAFF0F1D0602DA003B4520 /* ViewController.swift in Sources */ = {isa = PBXBuildFile; fileRef = 5EFAFF0E1D0602DA003B4520 /* ViewController.swift */; };
		5EFAFF121D0602DA003B4520 /* Main.storyboard in Resources */ = {isa = PBXBuildFile; fileRef = 5EFAFF101D0602DA003B4520 /* Main.storyboard */; };
		5EFAFF141D0602DB003B4520 /* Assets.xcassets in Resources */ = {isa = PBXBuildFile; fileRef = 5EFAFF131D0602DB003B4520 /* Assets.xcassets */; };
		5EFAFF171D0602DB003B4520 /* LaunchScreen.storyboard in Resources */ = {isa = PBXBuildFile; fileRef = 5EFAFF151D0602DB003B4520 /* LaunchScreen.storyboard */; };
		5EFAFF221D0602DB003B4520 /* DemoTests.swift in Sources */ = {isa = PBXBuildFile; fileRef = 5EFAFF211D0602DB003B4520 /* DemoTests.swift */; };
/* End PBXBuildFile section */

/* Begin PBXContainerItemProxy section */
		5E56F2D11D0770AB00CAED06 /* PBXContainerItemProxy */ = {
			isa = PBXContainerItemProxy;
			containerPortal = 5E56F2CC1D0770AB00CAED06 /* Swiper.xcodeproj */;
			proxyType = 2;
			remoteGlobalIDString = 5E56F2611D076F3E00CAED06;
			remoteInfo = Swiper;
		};
		5E56F2D31D0770AB00CAED06 /* PBXContainerItemProxy */ = {
			isa = PBXContainerItemProxy;
			containerPortal = 5E56F2CC1D0770AB00CAED06 /* Swiper.xcodeproj */;
			proxyType = 2;
			remoteGlobalIDString = 5E56F26B1D076F3E00CAED06;
			remoteInfo = SwiperTests;
		};
		5E56F2D71D0770B500CAED06 /* PBXContainerItemProxy */ = {
			isa = PBXContainerItemProxy;
			containerPortal = 5E56F2CC1D0770AB00CAED06 /* Swiper.xcodeproj */;
			proxyType = 1;
			remoteGlobalIDString = 5E56F2601D076F3E00CAED06;
			remoteInfo = Swiper;
		};
		5EFAFF1E1D0602DB003B4520 /* PBXContainerItemProxy */ = {
			isa = PBXContainerItemProxy;
			containerPortal = 5EFAFF011D0602DA003B4520 /* Project object */;
			proxyType = 1;
			remoteGlobalIDString = 5EFAFF081D0602DA003B4520;
			remoteInfo = Demo;
		};
/* End PBXContainerItemProxy section */

/* Begin PBXCopyFilesBuildPhase section */
		5E56F2D91D0770B500CAED06 /* Embed Frameworks */ = {
			isa = PBXCopyFilesBuildPhase;
			buildActionMask = 2147483647;
			dstPath = "";
			dstSubfolderSpec = 10;
			files = (
				5E56F2D61D0770B400CAED06 /* Swiper.framework in Embed Frameworks */,
			);
			name = "Embed Frameworks";
			runOnlyForDeploymentPostprocessing = 0;
		};
/* End PBXCopyFilesBuildPhase section */

/* Begin PBXFileReference section */
		5E56F1F81D06A2B200CAED06 /* RoundButton.swift */ = {isa = PBXFileReference; fileEncoding = 4; lastKnownFileType = sourcecode.swift; path = RoundButton.swift; sourceTree = "<group>"; };
		5E56F2CC1D0770AB00CAED06 /* Swiper.xcodeproj */ = {isa = PBXFileReference; lastKnownFileType = "wrapper.pb-project"; name = Swiper.xcodeproj; path = ../Swiper.xcodeproj; sourceTree = "<group>"; };
		5EFA00571D060E8F003B4520 /* PeekViewController.swift */ = {isa = PBXFileReference; fileEncoding = 4; lastKnownFileType = sourcecode.swift; path = PeekViewController.swift; sourceTree = "<group>"; };
		5EFAFF091D0602DA003B4520 /* Demo.app */ = {isa = PBXFileReference; explicitFileType = wrapper.application; includeInIndex = 0; path = Demo.app; sourceTree = BUILT_PRODUCTS_DIR; };
		5EFAFF0C1D0602DA003B4520 /* AppDelegate.swift */ = {isa = PBXFileReference; lastKnownFileType = sourcecode.swift; path = AppDelegate.swift; sourceTree = "<group>"; };
		5EFAFF0E1D0602DA003B4520 /* ViewController.swift */ = {isa = PBXFileReference; lastKnownFileType = sourcecode.swift; path = ViewController.swift; sourceTree = "<group>"; };
		5EFAFF111D0602DA003B4520 /* Base */ = {isa = PBXFileReference; lastKnownFileType = file.storyboard; name = Base; path = Base.lproj/Main.storyboard; sourceTree = "<group>"; };
		5EFAFF131D0602DB003B4520 /* Assets.xcassets */ = {isa = PBXFileReference; lastKnownFileType = folder.assetcatalog; path = Assets.xcassets; sourceTree = "<group>"; };
		5EFAFF161D0602DB003B4520 /* Base */ = {isa = PBXFileReference; lastKnownFileType = file.storyboard; name = Base; path = Base.lproj/LaunchScreen.storyboard; sourceTree = "<group>"; };
		5EFAFF181D0602DB003B4520 /* Info.plist */ = {isa = PBXFileReference; lastKnownFileType = text.plist.xml; path = Info.plist; sourceTree = "<group>"; };
		5EFAFF1D1D0602DB003B4520 /* DemoTests.xctest */ = {isa = PBXFileReference; explicitFileType = wrapper.cfbundle; includeInIndex = 0; path = DemoTests.xctest; sourceTree = BUILT_PRODUCTS_DIR; };
		5EFAFF211D0602DB003B4520 /* DemoTests.swift */ = {isa = PBXFileReference; lastKnownFileType = sourcecode.swift; path = DemoTests.swift; sourceTree = "<group>"; };
		5EFAFF231D0602DB003B4520 /* Info.plist */ = {isa = PBXFileReference; lastKnownFileType = text.plist.xml; path = Info.plist; sourceTree = "<group>"; };
/* End PBXFileReference section */

/* Begin PBXFrameworksBuildPhase section */
		5EFAFF061D0602DA003B4520 /* Frameworks */ = {
			isa = PBXFrameworksBuildPhase;
			buildActionMask = 2147483647;
			files = (
				5E56F2D51D0770B400CAED06 /* Swiper.framework in Frameworks */,
			);
			runOnlyForDeploymentPostprocessing = 0;
		};
		5EFAFF1A1D0602DB003B4520 /* Frameworks */ = {
			isa = PBXFrameworksBuildPhase;
			buildActionMask = 2147483647;
			files = (
			);
			runOnlyForDeploymentPostprocessing = 0;
		};
/* End PBXFrameworksBuildPhase section */

/* Begin PBXGroup section */
		5E56F2CD1D0770AB00CAED06 /* Products */ = {
			isa = PBXGroup;
			children = (
				5E56F2D21D0770AB00CAED06 /* Swiper.framework */,
				5E56F2D41D0770AB00CAED06 /* SwiperTests.xctest */,
			);
			name = Products;
			sourceTree = "<group>";
		};
		5EFAFF001D0602DA003B4520 = {
			isa = PBXGroup;
			children = (
				5E56F2CC1D0770AB00CAED06 /* Swiper.xcodeproj */,
				5EFAFF0B1D0602DA003B4520 /* Demo */,
				5EFAFF201D0602DB003B4520 /* DemoTests */,
				5EFAFF0A1D0602DA003B4520 /* Products */,
			);
			sourceTree = "<group>";
		};
		5EFAFF0A1D0602DA003B4520 /* Products */ = {
			isa = PBXGroup;
			children = (
				5EFAFF091D0602DA003B4520 /* Demo.app */,
				5EFAFF1D1D0602DB003B4520 /* DemoTests.xctest */,
			);
			name = Products;
			sourceTree = "<group>";
		};
		5EFAFF0B1D0602DA003B4520 /* Demo */ = {
			isa = PBXGroup;
			children = (
				5E56F1F81D06A2B200CAED06 /* RoundButton.swift */,
				5EFAFF0C1D0602DA003B4520 /* AppDelegate.swift */,
				5EFAFF0E1D0602DA003B4520 /* ViewController.swift */,
				5EFA00571D060E8F003B4520 /* PeekViewController.swift */,
				5EFAFF101D0602DA003B4520 /* Main.storyboard */,
				5EFAFF131D0602DB003B4520 /* Assets.xcassets */,
				5EFAFF151D0602DB003B4520 /* LaunchScreen.storyboard */,
				5EFAFF181D0602DB003B4520 /* Info.plist */,
			);
			path = Demo;
			sourceTree = "<group>";
		};
		5EFAFF201D0602DB003B4520 /* DemoTests */ = {
			isa = PBXGroup;
			children = (
				5EFAFF211D0602DB003B4520 /* DemoTests.swift */,
				5EFAFF231D0602DB003B4520 /* Info.plist */,
			);
			path = DemoTests;
			sourceTree = "<group>";
		};
/* End PBXGroup section */

/* Begin PBXNativeTarget section */
		5EFAFF081D0602DA003B4520 /* Demo */ = {
			isa = PBXNativeTarget;
			buildConfigurationList = 5EFAFF261D0602DB003B4520 /* Build configuration list for PBXNativeTarget "Demo" */;
			buildPhases = (
				5EFAFF051D0602DA003B4520 /* Sources */,
				5EFAFF061D0602DA003B4520 /* Frameworks */,
				5EFAFF071D0602DA003B4520 /* Resources */,
				5E56F2D91D0770B500CAED06 /* Embed Frameworks */,
			);
			buildRules = (
			);
			dependencies = (
				5E56F2D81D0770B500CAED06 /* PBXTargetDependency */,
			);
			name = Demo;
			productName = Demo;
			productReference = 5EFAFF091D0602DA003B4520 /* Demo.app */;
			productType = "com.apple.product-type.application";
		};
		5EFAFF1C1D0602DB003B4520 /* DemoTests */ = {
			isa = PBXNativeTarget;
			buildConfigurationList = 5EFAFF291D0602DB003B4520 /* Build configuration list for PBXNativeTarget "DemoTests" */;
			buildPhases = (
				5EFAFF191D0602DB003B4520 /* Sources */,
				5EFAFF1A1D0602DB003B4520 /* Frameworks */,
				5EFAFF1B1D0602DB003B4520 /* Resources */,
			);
			buildRules = (
			);
			dependencies = (
				5EFAFF1F1D0602DB003B4520 /* PBXTargetDependency */,
			);
			name = DemoTests;
			productName = DemoTests;
			productReference = 5EFAFF1D1D0602DB003B4520 /* DemoTests.xctest */;
			productType = "com.apple.product-type.bundle.unit-test";
		};
/* End PBXNativeTarget section */

/* Begin PBXProject section */
		5EFAFF011D0602DA003B4520 /* Project object */ = {
			isa = PBXProject;
			attributes = {
				LastSwiftUpdateCheck = 0730;
				LastUpgradeCheck = 0730;
				ORGANIZATIONNAME = "George Kye";
				TargetAttributes = {
					5EFAFF081D0602DA003B4520 = {
						CreatedOnToolsVersion = 7.3;
					};
					5EFAFF1C1D0602DB003B4520 = {
						CreatedOnToolsVersion = 7.3;
						TestTargetID = 5EFAFF081D0602DA003B4520;
					};
				};
			};
			buildConfigurationList = 5EFAFF041D0602DA003B4520 /* Build configuration list for PBXProject "Demo" */;
			compatibilityVersion = "Xcode 3.2";
			developmentRegion = English;
			hasScannedForEncodings = 0;
			knownRegions = (
				en,
				Base,
			);
			mainGroup = 5EFAFF001D0602DA003B4520;
			productRefGroup = 5EFAFF0A1D0602DA003B4520 /* Products */;
			projectDirPath = "";
			projectReferences = (
				{
					ProductGroup = 5E56F2CD1D0770AB00CAED06 /* Products */;
					ProjectRef = 5E56F2CC1D0770AB00CAED06 /* Swiper.xcodeproj */;
				},
			);
			projectRoot = "";
			targets = (
				5EFAFF081D0602DA003B4520 /* Demo */,
				5EFAFF1C1D0602DB003B4520 /* DemoTests */,
			);
		};
/* End PBXProject section */

/* Begin PBXReferenceProxy section */
		5E56F2D21D0770AB00CAED06 /* Swiper.framework */ = {
			isa = PBXReferenceProxy;
			fileType = wrapper.framework;
			path = Swiper.framework;
			remoteRef = 5E56F2D11D0770AB00CAED06 /* PBXContainerItemProxy */;
			sourceTree = BUILT_PRODUCTS_DIR;
		};
		5E56F2D41D0770AB00CAED06 /* SwiperTests.xctest */ = {
			isa = PBXReferenceProxy;
			fileType = wrapper.cfbundle;
			path = SwiperTests.xctest;
			remoteRef = 5E56F2D31D0770AB00CAED06 /* PBXContainerItemProxy */;
			sourceTree = BUILT_PRODUCTS_DIR;
		};
/* End PBXReferenceProxy section */

/* Begin PBXResourcesBuildPhase section */
		5EFAFF071D0602DA003B4520 /* Resources */ = {
			isa = PBXResourcesBuildPhase;
			buildActionMask = 2147483647;
			files = (
				5EFAFF171D0602DB003B4520 /* LaunchScreen.storyboard in Resources */,
				5EFAFF141D0602DB003B4520 /* Assets.xcassets in Resources */,
				5EFAFF121D0602DA003B4520 /* Main.storyboard in Resources */,
			);
			runOnlyForDeploymentPostprocessing = 0;
		};
		5EFAFF1B1D0602DB003B4520 /* Resources */ = {
			isa = PBXResourcesBuildPhase;
			buildActionMask = 2147483647;
			files = (
			);
			runOnlyForDeploymentPostprocessing = 0;
		};
/* End PBXResourcesBuildPhase section */

/* Begin PBXSourcesBuildPhase section */
		5EFAFF051D0602DA003B4520 /* Sources */ = {
			isa = PBXSourcesBuildPhase;
			buildActionMask = 2147483647;
			files = (
				5E56F1F91D06A2B200CAED06 /* RoundButton.swift in Sources */,
				5EFAFF0F1D0602DA003B4520 /* ViewController.swift in Sources */,
				5EFAFF0D1D0602DA003B4520 /* AppDelegate.swift in Sources */,
				5EFA00581D060E8F003B4520 /* PeekViewController.swift in Sources */,
			);
			runOnlyForDeploymentPostprocessing = 0;
		};
		5EFAFF191D0602DB003B4520 /* Sources */ = {
			isa = PBXSourcesBuildPhase;
			buildActionMask = 2147483647;
			files = (
				5EFAFF221D0602DB003B4520 /* DemoTests.swift in Sources */,
			);
			runOnlyForDeploymentPostprocessing = 0;
		};
/* End PBXSourcesBuildPhase section */

/* Begin PBXTargetDependency section */
		5E56F2D81D0770B500CAED06 /* PBXTargetDependency */ = {
			isa = PBXTargetDependency;
			name = Swiper;
			targetProxy = 5E56F2D71D0770B500CAED06 /* PBXContainerItemProxy */;
		};
		5EFAFF1F1D0602DB003B4520 /* PBXTargetDependency */ = {
			isa = PBXTargetDependency;
			target = 5EFAFF081D0602DA003B4520 /* Demo */;
			targetProxy = 5EFAFF1E1D0602DB003B4520 /* PBXContainerItemProxy */;
		};
/* End PBXTargetDependency section */

/* Begin PBXVariantGroup section */
		5EFAFF101D0602DA003B4520 /* Main.storyboard */ = {
			isa = PBXVariantGroup;
			children = (
				5EFAFF111D0602DA003B4520 /* Base */,
			);
			name = Main.storyboard;
			sourceTree = "<group>";
		};
		5EFAFF151D0602DB003B4520 /* LaunchScreen.storyboard */ = {
			isa = PBXVariantGroup;
			children = (
				5EFAFF161D0602DB003B4520 /* Base */,
			);
			name = LaunchScreen.storyboard;
			sourceTree = "<group>";
		};
/* End PBXVariantGroup section */

/* Begin XCBuildConfiguration section */
		5EFAFF241D0602DB003B4520 /* Debug */ = {
			isa = XCBuildConfiguration;
			buildSettings = {
				ALWAYS_SEARCH_USER_PATHS = NO;
				CLANG_ANALYZER_NONNULL = YES;
				CLANG_CXX_LANGUAGE_STANDARD = "gnu++0x";
				CLANG_CXX_LIBRARY = "libc++";
				CLANG_ENABLE_MODULES = YES;
				CLANG_ENABLE_OBJC_ARC = YES;
				CLANG_WARN_BOOL_CONVERSION = YES;
				CLANG_WARN_CONSTANT_CONVERSION = YES;
				CLANG_WARN_DIRECT_OBJC_ISA_USAGE = YES_ERROR;
				CLANG_WARN_EMPTY_BODY = YES;
				CLANG_WARN_ENUM_CONVERSION = YES;
				CLANG_WARN_INT_CONVERSION = YES;
				CLANG_WARN_OBJC_ROOT_CLASS = YES_ERROR;
				CLANG_WARN_UNREACHABLE_CODE = YES;
				CLANG_WARN__DUPLICATE_METHOD_MATCH = YES;
				"CODE_SIGN_IDENTITY[sdk=iphoneos*]" = "iPhone Developer";
				COPY_PHASE_STRIP = NO;
				DEBUG_INFORMATION_FORMAT = dwarf;
				ENABLE_STRICT_OBJC_MSGSEND = YES;
				ENABLE_TESTABILITY = YES;
				GCC_C_LANGUAGE_STANDARD = gnu99;
				GCC_DYNAMIC_NO_PIC = NO;
				GCC_NO_COMMON_BLOCKS = YES;
				GCC_OPTIMIZATION_LEVEL = 0;
				GCC_PREPROCESSOR_DEFINITIONS = (
					"DEBUG=1",
					"$(inherited)",
				);
				GCC_WARN_64_TO_32_BIT_CONVERSION = YES;
				GCC_WARN_ABOUT_RETURN_TYPE = YES_ERROR;
				GCC_WARN_UNDECLARED_SELECTOR = YES;
				GCC_WARN_UNINITIALIZED_AUTOS = YES_AGGRESSIVE;
				GCC_WARN_UNUSED_FUNCTION = YES;
				GCC_WARN_UNUSED_VARIABLE = YES;
				IPHONEOS_DEPLOYMENT_TARGET = 9.3;
				MTL_ENABLE_DEBUG_INFO = YES;
				ONLY_ACTIVE_ARCH = YES;
				SDKROOT = iphoneos;
				SWIFT_OPTIMIZATION_LEVEL = "-Onone";
			};
			name = Debug;
		};
		5EFAFF251D0602DB003B4520 /* Release */ = {
			isa = XCBuildConfiguration;
			buildSettings = {
				ALWAYS_SEARCH_USER_PATHS = NO;
				CLANG_ANALYZER_NONNULL = YES;
				CLANG_CXX_LANGUAGE_STANDARD = "gnu++0x";
				CLANG_CXX_LIBRARY = "libc++";
				CLANG_ENABLE_MODULES = YES;
				CLANG_ENABLE_OBJC_ARC = YES;
				CLANG_WARN_BOOL_CONVERSION = YES;
				CLANG_WARN_CONSTANT_CONVERSION = YES;
				CLANG_WARN_DIRECT_OBJC_ISA_USAGE = YES_ERROR;
				CLANG_WARN_EMPTY_BODY = YES;
				CLANG_WARN_ENUM_CONVERSION = YES;
				CLANG_WARN_INT_CONVERSION = YES;
				CLANG_WARN_OBJC_ROOT_CLASS = YES_ERROR;
				CLANG_WARN_UNREACHABLE_CODE = YES;
				CLANG_WARN__DUPLICATE_METHOD_MATCH = YES;
				"CODE_SIGN_IDENTITY[sdk=iphoneos*]" = "iPhone Developer";
				COPY_PHASE_STRIP = NO;
				DEBUG_INFORMATION_FORMAT = "dwarf-with-dsym";
				ENABLE_NS_ASSERTIONS = NO;
				ENABLE_STRICT_OBJC_MSGSEND = YES;
				GCC_C_LANGUAGE_STANDARD = gnu99;
				GCC_NO_COMMON_BLOCKS = YES;
				GCC_WARN_64_TO_32_BIT_CONVERSION = YES;
				GCC_WARN_ABOUT_RETURN_TYPE = YES_ERROR;
				GCC_WARN_UNDECLARED_SELECTOR = YES;
				GCC_WARN_UNINITIALIZED_AUTOS = YES_AGGRESSIVE;
				GCC_WARN_UNUSED_FUNCTION = YES;
				GCC_WARN_UNUSED_VARIABLE = YES;
				IPHONEOS_DEPLOYMENT_TARGET = 9.3;
				MTL_ENABLE_DEBUG_INFO = NO;
				SDKROOT = iphoneos;
				VALIDATE_PRODUCT = YES;
			};
			name = Release;
		};
		5EFAFF271D0602DB003B4520 /* Debug */ = {
			isa = XCBuildConfiguration;
			buildSettings = {
				ASSETCATALOG_COMPILER_APPICON_NAME = AppIcon;
				EMBEDDED_CONTENT_CONTAINS_SWIFT = YES;
				INFOPLIST_FILE = Demo/Info.plist;
				LD_RUNPATH_SEARCH_PATHS = "$(inherited) @executable_path/Frameworks";
				PRODUCT_BUNDLE_IDENTIFIER = GeorgeKye.Demo;
				PRODUCT_NAME = "$(TARGET_NAME)";
			};
			name = Debug;
		};
		5EFAFF281D0602DB003B4520 /* Release */ = {
			isa = XCBuildConfiguration;
			buildSettings = {
				ASSETCATALOG_COMPILER_APPICON_NAME = AppIcon;
				EMBEDDED_CONTENT_CONTAINS_SWIFT = YES;
				INFOPLIST_FILE = Demo/Info.plist;
				LD_RUNPATH_SEARCH_PATHS = "$(inherited) @executable_path/Frameworks";
				PRODUCT_BUNDLE_IDENTIFIER = GeorgeKye.Demo;
				PRODUCT_NAME = "$(TARGET_NAME)";
			};
			name = Release;
		};
		5EFAFF2A1D0602DB003B4520 /* Debug */ = {
			isa = XCBuildConfiguration;
			buildSettings = {
				BUNDLE_LOADER = "$(TEST_HOST)";
				INFOPLIST_FILE = DemoTests/Info.plist;
				LD_RUNPATH_SEARCH_PATHS = "$(inherited) @executable_path/Frameworks @loader_path/Frameworks";
				PRODUCT_BUNDLE_IDENTIFIER = GeorgeKye.DemoTests;
				PRODUCT_NAME = "$(TARGET_NAME)";
				TEST_HOST = "$(BUILT_PRODUCTS_DIR)/Demo.app/Demo";
			};
			name = Debug;
		};
		5EFAFF2B1D0602DB003B4520 /* Release */ = {
			isa = XCBuildConfiguration;
			buildSettings = {
				BUNDLE_LOADER = "$(TEST_HOST)";
				INFOPLIST_FILE = DemoTests/Info.plist;
				LD_RUNPATH_SEARCH_PATHS = "$(inherited) @executable_path/Frameworks @loader_path/Frameworks";
				PRODUCT_BUNDLE_IDENTIFIER = GeorgeKye.DemoTests;
				PRODUCT_NAME = "$(TARGET_NAME)";
				TEST_HOST = "$(BUILT_PRODUCTS_DIR)/Demo.app/Demo";
			};
			name = Release;
		};
/* End XCBuildConfiguration section */

/* Begin XCConfigurationList section */
		5EFAFF041D0602DA003B4520 /* Build configuration list for PBXProject "Demo" */ = {
			isa = XCConfigurationList;
			buildConfigurations = (
				5EFAFF241D0602DB003B4520 /* Debug */,
				5EFAFF251D0602DB003B4520 /* Release */,
			);
			defaultConfigurationIsVisible = 0;
			defaultConfigurationName = Release;
		};
		5EFAFF261D0602DB003B4520 /* Build configuration list for PBXNativeTarget "Demo" */ = {
			isa = XCConfigurationList;
			buildConfigurations = (
				5EFAFF271D0602DB003B4520 /* Debug */,
				5EFAFF281D0602DB003B4520 /* Release */,
			);
			defaultConfigurationIsVisible = 0;
			defaultConfigurationName = Release;
		};
		5EFAFF291D0602DB003B4520 /* Build configuration list for PBXNativeTarget "DemoTests" */ = {
			isa = XCConfigurationList;
			buildConfigurations = (
				5EFAFF2A1D0602DB003B4520 /* Debug */,
				5EFAFF2B1D0602DB003B4520 /* Release */,
			);
			defaultConfigurationIsVisible = 0;
			defaultConfigurationName = Release;
		};
/* End XCConfigurationList section */
	};
	rootObject = 5EFAFF011D0602DA003B4520 /* Project object */;
}
