// !$*UTF8*$!
{
	archiveVersion = 1;
	classes = {
	};
	objectVersion = 46;
	objects = {

/* Begin PBXBuildFile section */
		5E56F1F91D06A2B200CAED06 /* RoundButton.swift in Sources */ = {isa = PBXBuildFile; fileRef = 5E56F1F81D06A2B200CAED06 /* RoundButton.swift */; };
		5EFA00581D060E8F003B4520 /* PeekViewController.swift in Sources */ = {isa = PBXBuildFile; fileRef = 5EFA00571D060E8F003B4520 /* PeekViewController.swift */; };
		5EFAFF0D1D0602DA003B4520 /* AppDelegate.swift in Sources */ = {isa = PBXBuildFile; fileRef = 5EFAFF0C1D0602DA003B4520 /* AppDelegate.swift */; };
		5EFAFF0F1D0602DA003B4520 /* ViewController.swift in Sources */ = {isa = PBXBuildFile; fileRef = 5EFAFF0E1D0602DA003B4520 /* ViewController.swift */; };
		5EFAFF121D0602DA003B4520 /* Main.storyboard in Resources */ = {isa = PBXBuildFile; fileRef = 5EFAFF101D0602DA003B4520 /* Main.storyboard */; };
		5EFAFF141D0602DB003B4520 /* Assets.xcassets in Resources */ = {isa = PBXBuildFile; fileRef = 5EFAFF131D0602DB003B4520 /* Assets.xcassets */; };
		5EFAFF171D0602DB003B4520 /* LaunchScreen.storyboard in Resources */ = {isa = PBXBuildFile; fileRef = 5EFAFF151D0602DB003B4520 /* LaunchScreen.storyboard */; };
		5EFAFF221D0602DB003B4520 /* DemoTests.swift in Sources */ = {isa = PBXBuildFile; fileRef = 5EFAFF211D0602DB003B4520 /* DemoTests.swift */; };
		6F104D8EB2EDA6CA3F4584CE /* Pods_Demo.framework in Frameworks */ = {isa = PBXBuildFile; fileRef = F529854F8A79A69F870EAC44 /* Pods_Demo.framework */; };
		F57EF7D81968BE4DCA4B9691 /* Pods_DemoTests.framework in Frameworks */ = {isa = PBXBuildFile; fileRef = 280E33823D2B8F877CF41A12 /* Pods_DemoTests.framework */; };
/* End PBXBuildFile section */

/* Begin PBXContainerItemProxy section */
		5EFAFF1E1D0602DB003B4520 /* PBXContainerItemProxy */ = {
			isa = PBXContainerItemProxy;
			containerPortal = 5EFAFF011D0602DA003B4520 /* Project object */;
			proxyType = 1;
			remoteGlobalIDString = 5EFAFF081D0602DA003B4520;
			remoteInfo = Demo;
		};
/* End PBXContainerItemProxy section */

/* Begin PBXCopyFilesBuildPhase section */
		5E56F2D91D0770B500CAED06 /* Embed Frameworks */ = {
			isa = PBXCopyFilesBuildPhase;
			buildActionMask = 2147483647;
			dstPath = "";
			dstSubfolderSpec = 10;
			files = (
			);
			name = "Embed Frameworks";
			runOnlyForDeploymentPostprocessing = 0;
		};
/* End PBXCopyFilesBuildPhase section */

/* Begin PBXFileReference section */
		1889DD369AB970761E2A3718 /* Pods-Demo.release.xcconfig */ = {isa = PBXFileReference; includeInIndex = 1; lastKnownFileType = text.xcconfig; name = "Pods-Demo.release.xcconfig"; path = "Pods/Target Support Files/Pods-Demo/Pods-Demo.release.xcconfig"; sourceTree = "<group>"; };
		280E33823D2B8F877CF41A12 /* Pods_DemoTests.framework */ = {isa = PBXFileReference; explicitFileType = wrapper.framework; includeInIndex = 0; path = Pods_DemoTests.framework; sourceTree = BUILT_PRODUCTS_DIR; };
		5BAD106069967EB9DE72D094 /* Pods-DemoTests.debug.xcconfig */ = {isa = PBXFileReference; includeInIndex = 1; lastKnownFileType = text.xcconfig; name = "Pods-DemoTests.debug.xcconfig"; path = "Pods/Target Support Files/Pods-DemoTests/Pods-DemoTests.debug.xcconfig"; sourceTree = "<group>"; };
		5E56F1F81D06A2B200CAED06 /* RoundButton.swift */ = {isa = PBXFileReference; fileEncoding = 4; lastKnownFileType = sourcecode.swift; path = RoundButton.swift; sourceTree = "<group>"; };
		5EFA00571D060E8F003B4520 /* PeekViewController.swift */ = {isa = PBXFileReference; fileEncoding = 4; lastKnownFileType = sourcecode.swift; path = PeekViewController.swift; sourceTree = "<group>"; };
		5EFAFF091D0602DA003B4520 /* Demo.app */ = {isa = PBXFileReference; explicitFileType = wrapper.application; includeInIndex = 0; path = Demo.app; sourceTree = BUILT_PRODUCTS_DIR; };
		5EFAFF0C1D0602DA003B4520 /* AppDelegate.swift */ = {isa = PBXFileReference; lastKnownFileType = sourcecode.swift; path = AppDelegate.swift; sourceTree = "<group>"; };
		5EFAFF0E1D0602DA003B4520 /* ViewController.swift */ = {isa = PBXFileReference; lastKnownFileType = sourcecode.swift; path = ViewController.swift; sourceTree = "<group>"; };
		5EFAFF111D0602DA003B4520 /* Base */ = {isa = PBXFileReference; lastKnownFileType = file.storyboard; name = Base; path = Base.lproj/Main.storyboard; sourceTree = "<group>"; };
		5EFAFF131D0602DB003B4520 /* Assets.xcassets */ = {isa = PBXFileReference; lastKnownFileType = folder.assetcatalog; path = Assets.xcassets; sourceTree = "<group>"; };
		5EFAFF161D0602DB003B4520 /* Base */ = {isa = PBXFileReference; lastKnownFileType = file.storyboard; name = Base; path = Base.lproj/LaunchScreen.storyboard; sourceTree = "<group>"; };
		5EFAFF181D0602DB003B4520 /* Info.plist */ = {isa = PBXFileReference; lastKnownFileType = text.plist.xml; path = Info.plist; sourceTree = "<group>"; };
		5EFAFF1D1D0602DB003B4520 /* DemoTests.xctest */ = {isa = PBXFileReference; explicitFileType = wrapper.cfbundle; includeInIndex = 0; path = DemoTests.xctest; sourceTree = BUILT_PRODUCTS_DIR; };
		5EFAFF211D0602DB003B4520 /* DemoTests.swift */ = {isa = PBXFileReference; lastKnownFileType = sourcecode.swift; path = DemoTests.swift; sourceTree = "<group>"; };
		5EFAFF231D0602DB003B4520 /* Info.plist */ = {isa = PBXFileReference; lastKnownFileType = text.plist.xml; path = Info.plist; sourceTree = "<group>"; };
		EBE2F6552D3A8CAF99F92662 /* Pods-Demo.debug.xcconfig */ = {isa = PBXFileReference; includeInIndex = 1; lastKnownFileType = text.xcconfig; name = "Pods-Demo.debug.xcconfig"; path = "Pods/Target Support Files/Pods-Demo/Pods-Demo.debug.xcconfig"; sourceTree = "<group>"; };
		EE7EC992CAA55DFA92977207 /* Pods-DemoTests.release.xcconfig */ = {isa = PBXFileReference; includeInIndex = 1; lastKnownFileType = text.xcconfig; name = "Pods-DemoTests.release.xcconfig"; path = "Pods/Target Support Files/Pods-DemoTests/Pods-DemoTests.release.xcconfig"; sourceTree = "<group>"; };
		F529854F8A79A69F870EAC44 /* Pods_Demo.framework */ = {isa = PBXFileReference; explicitFileType = wrapper.framework; includeInIndex = 0; path = Pods_Demo.framework; sourceTree = BUILT_PRODUCTS_DIR; };
/* End PBXFileReference section */

/* Begin PBXFrameworksBuildPhase section */
		5EFAFF061D0602DA003B4520 /* Frameworks */ = {
			isa = PBXFrameworksBuildPhase;
			buildActionMask = 2147483647;
			files = (
				6F104D8EB2EDA6CA3F4584CE /* Pods_Demo.framework in Frameworks */,
			);
			runOnlyForDeploymentPostprocessing = 0;
		};
		5EFAFF1A1D0602DB003B4520 /* Frameworks */ = {
			isa = PBXFrameworksBuildPhase;
			buildActionMask = 2147483647;
			files = (
				F57EF7D81968BE4DCA4B9691 /* Pods_DemoTests.framework in Frameworks */,
			);
			runOnlyForDeploymentPostprocessing = 0;
		};
/* End PBXFrameworksBuildPhase section */

/* Begin PBXGroup section */
		5EFAFF001D0602DA003B4520 = {
			isa = PBXGroup;
			children = (
				5EFAFF0B1D0602DA003B4520 /* Demo */,
				5EFAFF201D0602DB003B4520 /* DemoTests */,
				5EFAFF0A1D0602DA003B4520 /* Products */,
				A4353D213D9E94513B658AAF /* Pods */,
				7614C2D73D35834EA81BFE5D /* Frameworks */,
			);
			sourceTree = "<group>";
		};
		5EFAFF0A1D0602DA003B4520 /* Products */ = {
			isa = PBXGroup;
			children = (
				5EFAFF091D0602DA003B4520 /* Demo.app */,
				5EFAFF1D1D0602DB003B4520 /* DemoTests.xctest */,
			);
			name = Products;
			sourceTree = "<group>";
		};
		5EFAFF0B1D0602DA003B4520 /* Demo */ = {
			isa = PBXGroup;
			children = (
				5E56F1F81D06A2B200CAED06 /* RoundButton.swift */,
				5EFAFF0C1D0602DA003B4520 /* AppDelegate.swift */,
				5EFAFF0E1D0602DA003B4520 /* ViewController.swift */,
				5EFA00571D060E8F003B4520 /* PeekViewController.swift */,
				5EFAFF101D0602DA003B4520 /* Main.storyboard */,
				5EFAFF131D0602DB003B4520 /* Assets.xcassets */,
				5EFAFF151D0602DB003B4520 /* LaunchScreen.storyboard */,
				5EFAFF181D0602DB003B4520 /* Info.plist */,
			);
			path = Demo;
			sourceTree = "<group>";
		};
		5EFAFF201D0602DB003B4520 /* DemoTests */ = {
			isa = PBXGroup;
			children = (
				5EFAFF211D0602DB003B4520 /* DemoTests.swift */,
				5EFAFF231D0602DB003B4520 /* Info.plist */,
			);
			path = DemoTests;
			sourceTree = "<group>";
		};
		7614C2D73D35834EA81BFE5D /* Frameworks */ = {
			isa = PBXGroup;
			children = (
				F529854F8A79A69F870EAC44 /* Pods_Demo.framework */,
				280E33823D2B8F877CF41A12 /* Pods_DemoTests.framework */,
			);
			name = Frameworks;
			sourceTree = "<group>";
		};
		A4353D213D9E94513B658AAF /* Pods */ = {
			isa = PBXGroup;
			children = (
				EBE2F6552D3A8CAF99F92662 /* Pods-Demo.debug.xcconfig */,
				1889DD369AB970761E2A3718 /* Pods-Demo.release.xcconfig */,
				5BAD106069967EB9DE72D094 /* Pods-DemoTests.debug.xcconfig */,
				EE7EC992CAA55DFA92977207 /* Pods-DemoTests.release.xcconfig */,
			);
			name = Pods;
			sourceTree = "<group>";
		};
/* End PBXGroup section */

/* Begin PBXNativeTarget section */
		5EFAFF081D0602DA003B4520 /* Demo */ = {
			isa = PBXNativeTarget;
			buildConfigurationList = 5EFAFF261D0602DB003B4520 /* Build configuration list for PBXNativeTarget "Demo" */;
			buildPhases = (
				4872B302E8BE7380A9DCF849 /* [CP] Check Pods Manifest.lock */,
				5EFAFF051D0602DA003B4520 /* Sources */,
				5EFAFF061D0602DA003B4520 /* Frameworks */,
				5EFAFF071D0602DA003B4520 /* Resources */,
				5E56F2D91D0770B500CAED06 /* Embed Frameworks */,
				6FD247CEFFAF785166947EEB /* [CP] Embed Pods Frameworks */,
				2A05F9407B0C4DA8468295B6 /* [CP] Copy Pods Resources */,
			);
			buildRules = (
			);
			dependencies = (
			);
			name = Demo;
			productName = Demo;
			productReference = 5EFAFF091D0602DA003B4520 /* Demo.app */;
			productType = "com.apple.product-type.application";
		};
		5EFAFF1C1D0602DB003B4520 /* DemoTests */ = {
			isa = PBXNativeTarget;
			buildConfigurationList = 5EFAFF291D0602DB003B4520 /* Build configuration list for PBXNativeTarget "DemoTests" */;
			buildPhases = (
				F1D69901C6242EDD77962647 /* [CP] Check Pods Manifest.lock */,
				5EFAFF191D0602DB003B4520 /* Sources */,
				5EFAFF1A1D0602DB003B4520 /* Frameworks */,
				5EFAFF1B1D0602DB003B4520 /* Resources */,
				1ADCA54306C52F79FE51C674 /* [CP] Embed Pods Frameworks */,
				AF3565ABCAA28585EDE5A809 /* [CP] Copy Pods Resources */,
			);
			buildRules = (
			);
			dependencies = (
				5EFAFF1F1D0602DB003B4520 /* PBXTargetDependency */,
			);
			name = DemoTests;
			productName = DemoTests;
			productReference = 5EFAFF1D1D0602DB003B4520 /* DemoTests.xctest */;
			productType = "com.apple.product-type.bundle.unit-test";
		};
/* End PBXNativeTarget section */

/* Begin PBXProject section */
		5EFAFF011D0602DA003B4520 /* Project object */ = {
			isa = PBXProject;
			attributes = {
				LastSwiftUpdateCheck = 0730;
				LastUpgradeCheck = 0730;
				ORGANIZATIONNAME = "George Kye";
				TargetAttributes = {
					5EFAFF081D0602DA003B4520 = {
						CreatedOnToolsVersion = 7.3;
					};
					5EFAFF1C1D0602DB003B4520 = {
						CreatedOnToolsVersion = 7.3;
						TestTargetID = 5EFAFF081D0602DA003B4520;
					};
				};
			};
			buildConfigurationList = 5EFAFF041D0602DA003B4520 /* Build configuration list for PBXProject "Demo" */;
			compatibilityVersion = "Xcode 3.2";
			developmentRegion = English;
			hasScannedForEncodings = 0;
			knownRegions = (
				en,
				Base,
			);
			mainGroup = 5EFAFF001D0602DA003B4520;
			productRefGroup = 5EFAFF0A1D0602DA003B4520 /* Products */;
			projectDirPath = "";
			projectRoot = "";
			targets = (
				5EFAFF081D0602DA003B4520 /* Demo */,
				5EFAFF1C1D0602DB003B4520 /* DemoTests */,
			);
		};
/* End PBXProject section */

/* Begin PBXResourcesBuildPhase section */
		5EFAFF071D0602DA003B4520 /* Resources */ = {
			isa = PBXResourcesBuildPhase;
			buildActionMask = 2147483647;
			files = (
				5EFAFF171D0602DB003B4520 /* LaunchScreen.storyboard in Resources */,
				5EFAFF141D0602DB003B4520 /* Assets.xcassets in Resources */,
				5EFAFF121D0602DA003B4520 /* Main.storyboard in Resources */,
			);
			runOnlyForDeploymentPostprocessing = 0;
		};
		5EFAFF1B1D0602DB003B4520 /* Resources */ = {
			isa = PBXResourcesBuildPhase;
			buildActionMask = 2147483647;
			files = (
			);
			runOnlyForDeploymentPostprocessing = 0;
		};
/* End PBXResourcesBuildPhase section */

/* Begin PBXShellScriptBuildPhase section */
		1ADCA54306C52F79FE51C674 /* [CP] Embed Pods Frameworks */ = {
			isa = PBXShellScriptBuildPhase;
			buildActionMask = 2147483647;
			files = (
			);
			inputPaths = (
			);
			name = "[CP] Embed Pods Frameworks";
			outputPaths = (
			);
			runOnlyForDeploymentPostprocessing = 0;
			shellPath = /bin/sh;
			shellScript = "\"${SRCROOT}/Pods/Target Support Files/Pods-DemoTests/Pods-DemoTests-frameworks.sh\"\n";
			showEnvVarsInLog = 0;
		};
		2A05F9407B0C4DA8468295B6 /* [CP] Copy Pods Resources */ = {
			isa = PBXShellScriptBuildPhase;
			buildActionMask = 2147483647;
			files = (
			);
			inputPaths = (
			);
			name = "[CP] Copy Pods Resources";
			outputPaths = (
			);
			runOnlyForDeploymentPostprocessing = 0;
			shellPath = /bin/sh;
			shellScript = "\"${SRCROOT}/Pods/Target Support Files/Pods-Demo/Pods-Demo-resources.sh\"\n";
			showEnvVarsInLog = 0;
		};
		4872B302E8BE7380A9DCF849 /* [CP] Check Pods Manifest.lock */ = {
			isa = PBXShellScriptBuildPhase;
			buildActionMask = 2147483647;
			files = (
			);
			inputPaths = (
			);
			name = "[CP] Check Pods Manifest.lock";
			outputPaths = (
			);
			runOnlyForDeploymentPostprocessing = 0;
			shellPath = /bin/sh;
			shellScript = "diff \"${PODS_ROOT}/../Podfile.lock\" \"${PODS_ROOT}/Manifest.lock\" > /dev/null\nif [[ $? != 0 ]] ; then\n    cat << EOM\nerror: The sandbox is not in sync with the Podfile.lock. Run 'pod install' or update your CocoaPods installation.\nEOM\n    exit 1\nfi\n";
			showEnvVarsInLog = 0;
		};
		6FD247CEFFAF785166947EEB /* [CP] Embed Pods Frameworks */ = {
			isa = PBXShellScriptBuildPhase;
			buildActionMask = 2147483647;
			files = (
			);
			inputPaths = (
			);
			name = "[CP] Embed Pods Frameworks";
			outputPaths = (
			);
			runOnlyForDeploymentPostprocessing = 0;
			shellPath = /bin/sh;
			shellScript = "\"${SRCROOT}/Pods/Target Support Files/Pods-Demo/Pods-Demo-frameworks.sh\"\n";
			showEnvVarsInLog = 0;
		};
		AF3565ABCAA28585EDE5A809 /* [CP] Copy Pods Resources */ = {
			isa = PBXShellScriptBuildPhase;
			buildActionMask = 2147483647;
			files = (
			);
			inputPaths = (
			);
			name = "[CP] Copy Pods Resources";
			outputPaths = (
			);
			runOnlyForDeploymentPostprocessing = 0;
			shellPath = /bin/sh;
			shellScript = "\"${SRCROOT}/Pods/Target Support Files/Pods-DemoTests/Pods-DemoTests-resources.sh\"\n";
			showEnvVarsInLog = 0;
		};
		F1D69901C6242EDD77962647 /* [CP] Check Pods Manifest.lock */ = {
			isa = PBXShellScriptBuildPhase;
			buildActionMask = 2147483647;
			files = (
			);
			inputPaths = (
			);
			name = "[CP] Check Pods Manifest.lock";
			outputPaths = (
			);
			runOnlyForDeploymentPostprocessing = 0;
			shellPath = /bin/sh;
			shellScript = "diff \"${PODS_ROOT}/../Podfile.lock\" \"${PODS_ROOT}/Manifest.lock\" > /dev/null\nif [[ $? != 0 ]] ; then\n    cat << EOM\nerror: The sandbox is not in sync with the Podfile.lock. Run 'pod install' or update your CocoaPods installation.\nEOM\n    exit 1\nfi\n";
			showEnvVarsInLog = 0;
		};
/* End PBXShellScriptBuildPhase section */

/* Begin PBXSourcesBuildPhase section */
		5EFAFF051D0602DA003B4520 /* Sources */ = {
			isa = PBXSourcesBuildPhase;
			buildActionMask = 2147483647;
			files = (
				5E56F1F91D06A2B200CAED06 /* RoundButton.swift in Sources */,
				5EFAFF0F1D0602DA003B4520 /* ViewController.swift in Sources */,
				5EFAFF0D1D0602DA003B4520 /* AppDelegate.swift in Sources */,
				5EFA00581D060E8F003B4520 /* PeekViewController.swift in Sources */,
			);
			runOnlyForDeploymentPostprocessing = 0;
		};
		5EFAFF191D0602DB003B4520 /* Sources */ = {
			isa = PBXSourcesBuildPhase;
			buildActionMask = 2147483647;
			files = (
				5EFAFF221D0602DB003B4520 /* DemoTests.swift in Sources */,
			);
			runOnlyForDeploymentPostprocessing = 0;
		};
/* End PBXSourcesBuildPhase section */

/* Begin PBXTargetDependency section */
		5EFAFF1F1D0602DB003B4520 /* PBXTargetDependency */ = {
			isa = PBXTargetDependency;
			target = 5EFAFF081D0602DA003B4520 /* Demo */;
			targetProxy = 5EFAFF1E1D0602DB003B4520 /* PBXContainerItemProxy */;
		};
/* End PBXTargetDependency section */

/* Begin PBXVariantGroup section */
		5EFAFF101D0602DA003B4520 /* Main.storyboard */ = {
			isa = PBXVariantGroup;
			children = (
				5EFAFF111D0602DA003B4520 /* Base */,
			);
			name = Main.storyboard;
			sourceTree = "<group>";
		};
		5EFAFF151D0602DB003B4520 /* LaunchScreen.storyboard */ = {
			isa = PBXVariantGroup;
			children = (
				5EFAFF161D0602DB003B4520 /* Base */,
			);
			name = LaunchScreen.storyboard;
			sourceTree = "<group>";
		};
/* End PBXVariantGroup section */

/* Begin XCBuildConfiguration section */
		5EFAFF241D0602DB003B4520 /* Debug */ = {
			isa = XCBuildConfiguration;
			buildSettings = {
				ALWAYS_SEARCH_USER_PATHS = NO;
				CLANG_ANALYZER_NONNULL = YES;
				CLANG_CXX_LANGUAGE_STANDARD = "gnu++0x";
				CLANG_CXX_LIBRARY = "libc++";
				CLANG_ENABLE_MODULES = YES;
				CLANG_ENABLE_OBJC_ARC = YES;
				CLANG_WARN_BOOL_CONVERSION = YES;
				CLANG_WARN_CONSTANT_CONVERSION = YES;
				CLANG_WARN_DIRECT_OBJC_ISA_USAGE = YES_ERROR;
				CLANG_WARN_EMPTY_BODY = YES;
				CLANG_WARN_ENUM_CONVERSION = YES;
				CLANG_WARN_INT_CONVERSION = YES;
				CLANG_WARN_OBJC_ROOT_CLASS = YES_ERROR;
				CLANG_WARN_UNREACHABLE_CODE = YES;
				CLANG_WARN__DUPLICATE_METHOD_MATCH = YES;
				"CODE_SIGN_IDENTITY[sdk=iphoneos*]" = "iPhone Developer";
				COPY_PHASE_STRIP = NO;
				DEBUG_INFORMATION_FORMAT = dwarf;
				ENABLE_STRICT_OBJC_MSGSEND = YES;
				ENABLE_TESTABILITY = YES;
				GCC_C_LANGUAGE_STANDARD = gnu99;
				GCC_DYNAMIC_NO_PIC = NO;
				GCC_NO_COMMON_BLOCKS = YES;
				GCC_OPTIMIZATION_LEVEL = 0;
				GCC_PREPROCESSOR_DEFINITIONS = (
					"DEBUG=1",
					"$(inherited)",
				);
				GCC_WARN_64_TO_32_BIT_CONVERSION = YES;
				GCC_WARN_ABOUT_RETURN_TYPE = YES_ERROR;
				GCC_WARN_UNDECLARED_SELECTOR = YES;
				GCC_WARN_UNINITIALIZED_AUTOS = YES_AGGRESSIVE;
				GCC_WARN_UNUSED_FUNCTION = YES;
				GCC_WARN_UNUSED_VARIABLE = YES;
				IPHONEOS_DEPLOYMENT_TARGET = 9.3;
				MTL_ENABLE_DEBUG_INFO = YES;
				ONLY_ACTIVE_ARCH = YES;
				SDKROOT = iphoneos;
				SWIFT_OPTIMIZATION_LEVEL = "-Onone";
			};
			name = Debug;
		};
		5EFAFF251D0602DB003B4520 /* Release */ = {
			isa = XCBuildConfiguration;
			buildSettings = {
				ALWAYS_SEARCH_USER_PATHS = NO;
				CLANG_ANALYZER_NONNULL = YES;
				CLANG_CXX_LANGUAGE_STANDARD = "gnu++0x";
				CLANG_CXX_LIBRARY = "libc++";
				CLANG_ENABLE_MODULES = YES;
				CLANG_ENABLE_OBJC_ARC = YES;
				CLANG_WARN_BOOL_CONVERSION = YES;
				CLANG_WARN_CONSTANT_CONVERSION = YES;
				CLANG_WARN_DIRECT_OBJC_ISA_USAGE = YES_ERROR;
				CLANG_WARN_EMPTY_BODY = YES;
				CLANG_WARN_ENUM_CONVERSION = YES;
				CLANG_WARN_INT_CONVERSION = YES;
				CLANG_WARN_OBJC_ROOT_CLASS = YES_ERROR;
				CLANG_WARN_UNREACHABLE_CODE = YES;
				CLANG_WARN__DUPLICATE_METHOD_MATCH = YES;
				"CODE_SIGN_IDENTITY[sdk=iphoneos*]" = "iPhone Developer";
				COPY_PHASE_STRIP = NO;
				DEBUG_INFORMATION_FORMAT = "dwarf-with-dsym";
				ENABLE_NS_ASSERTIONS = NO;
				ENABLE_STRICT_OBJC_MSGSEND = YES;
				GCC_C_LANGUAGE_STANDARD = gnu99;
				GCC_NO_COMMON_BLOCKS = YES;
				GCC_WARN_64_TO_32_BIT_CONVERSION = YES;
				GCC_WARN_ABOUT_RETURN_TYPE = YES_ERROR;
				GCC_WARN_UNDECLARED_SELECTOR = YES;
				GCC_WARN_UNINITIALIZED_AUTOS = YES_AGGRESSIVE;
				GCC_WARN_UNUSED_FUNCTION = YES;
				GCC_WARN_UNUSED_VARIABLE = YES;
				IPHONEOS_DEPLOYMENT_TARGET = 9.3;
				MTL_ENABLE_DEBUG_INFO = NO;
				SDKROOT = iphoneos;
				VALIDATE_PRODUCT = YES;
			};
			name = Release;
		};
		5EFAFF271D0602DB003B4520 /* Debug */ = {
			isa = XCBuildConfiguration;
			baseConfigurationReference = EBE2F6552D3A8CAF99F92662 /* Pods-Demo.debug.xcconfig */;
			buildSettings = {
				ASSETCATALOG_COMPILER_APPICON_NAME = AppIcon;
				EMBEDDED_CONTENT_CONTAINS_SWIFT = YES;
				INFOPLIST_FILE = Demo/Info.plist;
				LD_RUNPATH_SEARCH_PATHS = "$(inherited) @executable_path/Frameworks";
				PRODUCT_BUNDLE_IDENTIFIER = GeorgeKye.Demo;
				PRODUCT_NAME = "$(TARGET_NAME)";
			};
			name = Debug;
		};
		5EFAFF281D0602DB003B4520 /* Release */ = {
			isa = XCBuildConfiguration;
			baseConfigurationReference = 1889DD369AB970761E2A3718 /* Pods-Demo.release.xcconfig */;
			buildSettings = {
				ASSETCATALOG_COMPILER_APPICON_NAME = AppIcon;
				EMBEDDED_CONTENT_CONTAINS_SWIFT = YES;
				INFOPLIST_FILE = Demo/Info.plist;
				LD_RUNPATH_SEARCH_PATHS = "$(inherited) @executable_path/Frameworks";
				PRODUCT_BUNDLE_IDENTIFIER = GeorgeKye.Demo;
				PRODUCT_NAME = "$(TARGET_NAME)";
			};
			name = Release;
		};
		5EFAFF2A1D0602DB003B4520 /* Debug */ = {
			isa = XCBuildConfiguration;
			baseConfigurationReference = 5BAD106069967EB9DE72D094 /* Pods-DemoTests.debug.xcconfig */;
			buildSettings = {
				BUNDLE_LOADER = "$(TEST_HOST)";
				INFOPLIST_FILE = DemoTests/Info.plist;
				LD_RUNPATH_SEARCH_PATHS = "$(inherited) @executable_path/Frameworks @loader_path/Frameworks";
				PRODUCT_BUNDLE_IDENTIFIER = GeorgeKye.DemoTests;
				PRODUCT_NAME = "$(TARGET_NAME)";
				TEST_HOST = "$(BUILT_PRODUCTS_DIR)/Demo.app/Demo";
			};
			name = Debug;
		};
		5EFAFF2B1D0602DB003B4520 /* Release */ = {
			isa = XCBuildConfiguration;
			baseConfigurationReference = EE7EC992CAA55DFA92977207 /* Pods-DemoTests.release.xcconfig */;
			buildSettings = {
				BUNDLE_LOADER = "$(TEST_HOST)";
				INFOPLIST_FILE = DemoTests/Info.plist;
				LD_RUNPATH_SEARCH_PATHS = "$(inherited) @executable_path/Frameworks @loader_path/Frameworks";
				PRODUCT_BUNDLE_IDENTIFIER = GeorgeKye.DemoTests;
				PRODUCT_NAME = "$(TARGET_NAME)";
				TEST_HOST = "$(BUILT_PRODUCTS_DIR)/Demo.app/Demo";
			};
			name = Release;
		};
/* End XCBuildConfiguration section */

/* Begin XCConfigurationList section */
		5EFAFF041D0602DA003B4520 /* Build configuration list for PBXProject "Demo" */ = {
			isa = XCConfigurationList;
			buildConfigurations = (
				5EFAFF241D0602DB003B4520 /* Debug */,
				5EFAFF251D0602DB003B4520 /* Release */,
			);
			defaultConfigurationIsVisible = 0;
			defaultConfigurationName = Release;
		};
		5EFAFF261D0602DB003B4520 /* Build configuration list for PBXNativeTarget "Demo" */ = {
			isa = XCConfigurationList;
			buildConfigurations = (
				5EFAFF271D0602DB003B4520 /* Debug */,
				5EFAFF281D0602DB003B4520 /* Release */,
			);
			defaultConfigurationIsVisible = 0;
			defaultConfigurationName = Release;
		};
		5EFAFF291D0602DB003B4520 /* Build configuration list for PBXNativeTarget "DemoTests" */ = {
			isa = XCConfigurationList;
			buildConfigurations = (
				5EFAFF2A1D0602DB003B4520 /* Debug */,
				5EFAFF2B1D0602DB003B4520 /* Release */,
			);
			defaultConfigurationIsVisible = 0;
			defaultConfigurationName = Release;
		};
/* End XCConfigurationList section */
	};
	rootObject = 5EFAFF011D0602DA003B4520 /* Project object */;
}
